
Microsoft Visual Studio Solution File, Format Version 12.00
Project("{FAE04EC0-301F-11D3-BF4B-00C04F79EFBC}") = "AspNetCoreRedis", "AspNetCoreRedis\AspNetCoreRedis.csproj", "{CFA58D2B-163F-4BC2-9382-625254C8982A}"
EndProject
Global
	GlobalSection(SolutionConfigurationPlatforms) = preSolution
		Debug|Any CPU = Debug|Any CPU
		Release|Any CPU = Release|Any CPU
	EndGlobalSection
	GlobalSection(ProjectConfigurationPlatforms) = postSolution
		{CFA58D2B-163F-4BC2-9382-625254C8982A}.Debug|Any CPU.ActiveCfg = Debug|Any CPU
		{CFA58D2B-163F-4BC2-9382-625254C8982A}.Debug|Any CPU.Build.0 = Debug|Any CPU
		{CFA58D2B-163F-4BC2-9382-625254C8982A}.Release|Any CPU.ActiveCfg = Release|Any CPU
		{CFA58D2B-163F-4BC2-9382-625254C8982A}.Release|Any CPU.Build.0 = Release|Any CPU
	EndGlobalSection
EndGlobal
